
Microsoft Visual Studio Solution File, Format Version 12.00
# Visual Studio Version 16
VisualStudioVersion = 16.0.30804.86
MinimumVisualStudioVersion = 10.0.40219.1
Project("{FAE04EC0-301F-11D3-BF4B-00C04F79EFBC}") = "PCHS_FINANCE_SYSTEM", "PCHS_FINANCE_SYSTEM.csproj", "{6A661BA8-386C-43E5-A7FF-EBCCA313510D}"
EndProject
Global
	GlobalSection(SolutionConfigurationPlatforms) = preSolution
		Debug|Any CPU = Debug|Any CPU
		Release|Any CPU = Release|Any CPU
	EndGlobalSection
	GlobalSection(ProjectConfigurationPlatforms) = postSolution
		{6A661BA8-386C-43E5-A7FF-EBCCA313510D}.Debug|Any CPU.ActiveCfg = Debug|Any CPU
		{6A661BA8-386C-43E5-A7FF-EBCCA313510D}.Debug|Any CPU.Build.0 = Debug|Any CPU
		{6A661BA8-386C-43E5-A7FF-EBCCA313510D}.Release|Any CPU.ActiveCfg = Release|Any CPU
		{6A661BA8-386C-43E5-A7FF-EBCCA313510D}.Release|Any CPU.Build.0 = Release|Any CPU
	EndGlobalSection
	GlobalSection(SolutionProperties) = preSolution
		HideSolutionNode = FALSE
	EndGlobalSection
	GlobalSection(ExtensibilityGlobals) = postSolution
		SolutionGuid = {C59B8AF1-00BA-414D-A073-DF916F1A4981}
	EndGlobalSection
EndGlobal
